// !$*UTF8*$!
{
	archiveVersion = 1;
	classes = {
	};
	objectVersion = 51;
	objects = {

/* Begin PBXBuildFile section */
		44708A040AF7A28858FE5E18 /* Pods_VKNews.framework in Frameworks */ = {isa = PBXBuildFile; fileRef = ED7A75DFDFE0E72B8292939A /* Pods_VKNews.framework */; };
		F3729D912727A27D00E24C54 /* AppDelegate.swift in Sources */ = {isa = PBXBuildFile; fileRef = F3729D902727A27D00E24C54 /* AppDelegate.swift */; };
		F3729D932727A27D00E24C54 /* SceneDelegate.swift in Sources */ = {isa = PBXBuildFile; fileRef = F3729D922727A27D00E24C54 /* SceneDelegate.swift */; };
		F3729D952727A27D00E24C54 /* AuthViewController.swift in Sources */ = {isa = PBXBuildFile; fileRef = F3729D942727A27D00E24C54 /* AuthViewController.swift */; };
		F3729D9A2727A27F00E24C54 /* Assets.xcassets in Resources */ = {isa = PBXBuildFile; fileRef = F3729D992727A27F00E24C54 /* Assets.xcassets */; };
		F3729D9D2727A27F00E24C54 /* LaunchScreen.storyboard in Resources */ = {isa = PBXBuildFile; fileRef = F3729D9B2727A27F00E24C54 /* LaunchScreen.storyboard */; };
		F3729DAB2727B06100E24C54 /* AuthService.swift in Sources */ = {isa = PBXBuildFile; fileRef = F3729DAA2727B06100E24C54 /* AuthService.swift */; };
		F3729DB22727B48700E24C54 /* AuthViewController.storyboard in Resources */ = {isa = PBXBuildFile; fileRef = F3729DB12727B48700E24C54 /* AuthViewController.storyboard */; };
		F3729DB82727C27300E24C54 /* FeedViewController.swift in Sources */ = {isa = PBXBuildFile; fileRef = F3729DB72727C27300E24C54 /* FeedViewController.swift */; };
		F3729DBB2727C28800E24C54 /* FeedViewController.storyboard in Resources */ = {isa = PBXBuildFile; fileRef = F3729DBA2727C28800E24C54 /* FeedViewController.storyboard */; };
		F3729DC22728185E00E24C54 /* NetworkService.swift in Sources */ = {isa = PBXBuildFile; fileRef = F3729DC12728185E00E24C54 /* NetworkService.swift */; };
		F3729DC5272819AA00E24C54 /* API.swift in Sources */ = {isa = PBXBuildFile; fileRef = F3729DC4272819AA00E24C54 /* API.swift */; };
/* End PBXBuildFile section */

/* Begin PBXFileReference section */
		089B5D4FA45CC6D4991B9D3D /* Pods-VKNews.debug.xcconfig */ = {isa = PBXFileReference; includeInIndex = 1; lastKnownFileType = text.xcconfig; name = "Pods-VKNews.debug.xcconfig"; path = "Target Support Files/Pods-VKNews/Pods-VKNews.debug.xcconfig"; sourceTree = "<group>"; };
		E74291CE4A4DE9243BF3D3D8 /* Pods-VKNews.release.xcconfig */ = {isa = PBXFileReference; includeInIndex = 1; lastKnownFileType = text.xcconfig; name = "Pods-VKNews.release.xcconfig"; path = "Target Support Files/Pods-VKNews/Pods-VKNews.release.xcconfig"; sourceTree = "<group>"; };
		ED7A75DFDFE0E72B8292939A /* Pods_VKNews.framework */ = {isa = PBXFileReference; explicitFileType = wrapper.framework; includeInIndex = 0; path = Pods_VKNews.framework; sourceTree = BUILT_PRODUCTS_DIR; };
		F3729D8D2727A27D00E24C54 /* VKNews.app */ = {isa = PBXFileReference; explicitFileType = wrapper.application; includeInIndex = 0; path = VKNews.app; sourceTree = BUILT_PRODUCTS_DIR; };
		F3729D902727A27D00E24C54 /* AppDelegate.swift */ = {isa = PBXFileReference; lastKnownFileType = sourcecode.swift; path = AppDelegate.swift; sourceTree = "<group>"; };
		F3729D922727A27D00E24C54 /* SceneDelegate.swift */ = {isa = PBXFileReference; lastKnownFileType = sourcecode.swift; path = SceneDelegate.swift; sourceTree = "<group>"; };
		F3729D942727A27D00E24C54 /* AuthViewController.swift */ = {isa = PBXFileReference; lastKnownFileType = sourcecode.swift; path = AuthViewController.swift; sourceTree = "<group>"; };
		F3729D992727A27F00E24C54 /* Assets.xcassets */ = {isa = PBXFileReference; lastKnownFileType = folder.assetcatalog; path = Assets.xcassets; sourceTree = "<group>"; };
		F3729D9C2727A27F00E24C54 /* Base */ = {isa = PBXFileReference; lastKnownFileType = file.storyboard; name = Base; path = Base.lproj/LaunchScreen.storyboard; sourceTree = "<group>"; };
		F3729D9E2727A27F00E24C54 /* Info.plist */ = {isa = PBXFileReference; lastKnownFileType = text.plist.xml; path = Info.plist; sourceTree = "<group>"; };
		F3729DAA2727B06100E24C54 /* AuthService.swift */ = {isa = PBXFileReference; lastKnownFileType = sourcecode.swift; path = AuthService.swift; sourceTree = "<group>"; };
		F3729DB12727B48700E24C54 /* AuthViewController.storyboard */ = {isa = PBXFileReference; lastKnownFileType = file.storyboard; path = AuthViewController.storyboard; sourceTree = "<group>"; };
		F3729DB72727C27300E24C54 /* FeedViewController.swift */ = {isa = PBXFileReference; lastKnownFileType = sourcecode.swift; path = FeedViewController.swift; sourceTree = "<group>"; };
		F3729DBA2727C28800E24C54 /* FeedViewController.storyboard */ = {isa = PBXFileReference; lastKnownFileType = file.storyboard; path = FeedViewController.storyboard; sourceTree = "<group>"; };
		F3729DC12728185E00E24C54 /* NetworkService.swift */ = {isa = PBXFileReference; lastKnownFileType = sourcecode.swift; path = NetworkService.swift; sourceTree = "<group>"; };
		F3729DC4272819AA00E24C54 /* API.swift */ = {isa = PBXFileReference; lastKnownFileType = sourcecode.swift; path = API.swift; sourceTree = "<group>"; };
/* End PBXFileReference section */

/* Begin PBXFrameworksBuildPhase section */
		F3729D8A2727A27D00E24C54 /* Frameworks */ = {
			isa = PBXFrameworksBuildPhase;
			buildActionMask = 2147483647;
			files = (
				44708A040AF7A28858FE5E18 /* Pods_VKNews.framework in Frameworks */,
			);
			runOnlyForDeploymentPostprocessing = 0;
		};
/* End PBXFrameworksBuildPhase section */

/* Begin PBXGroup section */
		BA8CE696F5F534FBF5F8FA38 /* Pods */ = {
			isa = PBXGroup;
			children = (
				089B5D4FA45CC6D4991B9D3D /* Pods-VKNews.debug.xcconfig */,
				E74291CE4A4DE9243BF3D3D8 /* Pods-VKNews.release.xcconfig */,
			);
			path = Pods;
			sourceTree = "<group>";
		};
		BB596C5CA8FCC9FAFA1B113F /* Frameworks */ = {
			isa = PBXGroup;
			children = (
				ED7A75DFDFE0E72B8292939A /* Pods_VKNews.framework */,
			);
			name = Frameworks;
			sourceTree = "<group>";
		};
		F3729D842727A27D00E24C54 = {
			isa = PBXGroup;
			children = (
				F3729D8F2727A27D00E24C54 /* VKNews */,
				F3729D8E2727A27D00E24C54 /* Products */,
				BA8CE696F5F534FBF5F8FA38 /* Pods */,
				BB596C5CA8FCC9FAFA1B113F /* Frameworks */,
			);
			sourceTree = "<group>";
		};
		F3729D8E2727A27D00E24C54 /* Products */ = {
			isa = PBXGroup;
			children = (
				F3729D8D2727A27D00E24C54 /* VKNews.app */,
			);
			name = Products;
			sourceTree = "<group>";
		};
		F3729D8F2727A27D00E24C54 /* VKNews */ = {
			isa = PBXGroup;
			children = (
				F3729D902727A27D00E24C54 /* AppDelegate.swift */,
				F3729D922727A27D00E24C54 /* SceneDelegate.swift */,
				F3729DAD2727B06500E24C54 /* Services */,
				F3729DBF2727C32500E24C54 /* AuthVC */,
				F3729DBD2727C31C00E24C54 /* FeedVC */,
				F3729D992727A27F00E24C54 /* Assets.xcassets */,
				F3729D9B2727A27F00E24C54 /* LaunchScreen.storyboard */,
				F3729D9E2727A27F00E24C54 /* Info.plist */,
			);
			path = VKNews;
			sourceTree = "<group>";
		};
		F3729DAD2727B06500E24C54 /* Services */ = {
			isa = PBXGroup;
			children = (
				F3729DAA2727B06100E24C54 /* AuthService.swift */,
				F3729DC12728185E00E24C54 /* NetworkService.swift */,
				F3729DC4272819AA00E24C54 /* API.swift */,
			);
			path = Services;
			sourceTree = "<group>";
		};
		F3729DBD2727C31C00E24C54 /* FeedVC */ = {
			isa = PBXGroup;
			children = (
				F3729DB72727C27300E24C54 /* FeedViewController.swift */,
				F3729DBA2727C28800E24C54 /* FeedViewController.storyboard */,
			);
			path = FeedVC;
			sourceTree = "<group>";
		};
		F3729DBF2727C32500E24C54 /* AuthVC */ = {
			isa = PBXGroup;
			children = (
				F3729D942727A27D00E24C54 /* AuthViewController.swift */,
				F3729DB12727B48700E24C54 /* AuthViewController.storyboard */,
			);
			path = AuthVC;
			sourceTree = "<group>";
		};
/* End PBXGroup section */

/* Begin PBXNativeTarget section */
		F3729D8C2727A27D00E24C54 /* VKNews */ = {
			isa = PBXNativeTarget;
			buildConfigurationList = F3729DA12727A27F00E24C54 /* Build configuration list for PBXNativeTarget "VKNews" */;
			buildPhases = (
				F0A491BA6851F58AD7D7C0B2 /* [CP] Check Pods Manifest.lock */,
				F3729D892727A27D00E24C54 /* Sources */,
				F3729D8A2727A27D00E24C54 /* Frameworks */,
				F3729D8B2727A27D00E24C54 /* Resources */,
				1B90EA16F5C342655A90F9C9 /* [CP] Embed Pods Frameworks */,
			);
			buildRules = (
			);
			dependencies = (
			);
			name = VKNews;
			productName = VKNews;
			productReference = F3729D8D2727A27D00E24C54 /* VKNews.app */;
			productType = "com.apple.product-type.application";
		};
/* End PBXNativeTarget section */

/* Begin PBXProject section */
		F3729D852727A27D00E24C54 /* Project object */ = {
			isa = PBXProject;
			attributes = {
				LastSwiftUpdateCheck = 1240;
				LastUpgradeCheck = 1240;
				TargetAttributes = {
					F3729D8C2727A27D00E24C54 = {
						CreatedOnToolsVersion = 12.4;
					};
				};
			};
			buildConfigurationList = F3729D882727A27D00E24C54 /* Build configuration list for PBXProject "VKNews" */;
			compatibilityVersion = "Xcode 9.3";
			developmentRegion = en;
			hasScannedForEncodings = 0;
			knownRegions = (
				en,
				Base,
			);
			mainGroup = F3729D842727A27D00E24C54;
			productRefGroup = F3729D8E2727A27D00E24C54 /* Products */;
			projectDirPath = "";
			projectRoot = "";
			targets = (
				F3729D8C2727A27D00E24C54 /* VKNews */,
			);
		};
/* End PBXProject section */

/* Begin PBXResourcesBuildPhase section */
		F3729D8B2727A27D00E24C54 /* Resources */ = {
			isa = PBXResourcesBuildPhase;
			buildActionMask = 2147483647;
			files = (
				F3729D9D2727A27F00E24C54 /* LaunchScreen.storyboard in Resources */,
				F3729DB22727B48700E24C54 /* AuthViewController.storyboard in Resources */,
				F3729D9A2727A27F00E24C54 /* Assets.xcassets in Resources */,
				F3729DBB2727C28800E24C54 /* FeedViewController.storyboard in Resources */,
			);
			runOnlyForDeploymentPostprocessing = 0;
		};
/* End PBXResourcesBuildPhase section */

/* Begin PBXShellScriptBuildPhase section */
		1B90EA16F5C342655A90F9C9 /* [CP] Embed Pods Frameworks */ = {
			isa = PBXShellScriptBuildPhase;
			buildActionMask = 2147483647;
			files = (
			);
			inputFileListPaths = (
				"${PODS_ROOT}/Target Support Files/Pods-VKNews/Pods-VKNews-frameworks-${CONFIGURATION}-input-files.xcfilelist",
			);
			name = "[CP] Embed Pods Frameworks";
			outputFileListPaths = (
				"${PODS_ROOT}/Target Support Files/Pods-VKNews/Pods-VKNews-frameworks-${CONFIGURATION}-output-files.xcfilelist",
			);
			runOnlyForDeploymentPostprocessing = 0;
			shellPath = /bin/sh;
			shellScript = "\"${PODS_ROOT}/Target Support Files/Pods-VKNews/Pods-VKNews-frameworks.sh\"\n";
			showEnvVarsInLog = 0;
		};
		F0A491BA6851F58AD7D7C0B2 /* [CP] Check Pods Manifest.lock */ = {
			isa = PBXShellScriptBuildPhase;
			buildActionMask = 2147483647;
			files = (
			);
			inputFileListPaths = (
			);
			inputPaths = (
				"${PODS_PODFILE_DIR_PATH}/Podfile.lock",
				"${PODS_ROOT}/Manifest.lock",
			);
			name = "[CP] Check Pods Manifest.lock";
			outputFileListPaths = (
			);
			outputPaths = (
				"$(DERIVED_FILE_DIR)/Pods-VKNews-checkManifestLockResult.txt",
			);
			runOnlyForDeploymentPostprocessing = 0;
			shellPath = /bin/sh;
			shellScript = "diff \"${PODS_PODFILE_DIR_PATH}/Podfile.lock\" \"${PODS_ROOT}/Manifest.lock\" > /dev/null\nif [ $? != 0 ] ; then\n    # print error to STDERR\n    echo \"error: The sandbox is not in sync with the Podfile.lock. Run 'pod install' or update your CocoaPods installation.\" >&2\n    exit 1\nfi\n# This output is used by Xcode 'outputs' to avoid re-running this script phase.\necho \"SUCCESS\" > \"${SCRIPT_OUTPUT_FILE_0}\"\n";
			showEnvVarsInLog = 0;
		};
/* End PBXShellScriptBuildPhase section */

/* Begin PBXSourcesBuildPhase section */
		F3729D892727A27D00E24C54 /* Sources */ = {
			isa = PBXSourcesBuildPhase;
			buildActionMask = 2147483647;
			files = (
				F3729D952727A27D00E24C54 /* AuthViewController.swift in Sources */,
				F3729D912727A27D00E24C54 /* AppDelegate.swift in Sources */,
				F3729DB82727C27300E24C54 /* FeedViewController.swift in Sources */,
				F3729D932727A27D00E24C54 /* SceneDelegate.swift in Sources */,
				F3729DC22728185E00E24C54 /* NetworkService.swift in Sources */,
				F3729DAB2727B06100E24C54 /* AuthService.swift in Sources */,
				F3729DC5272819AA00E24C54 /* API.swift in Sources */,
			);
			runOnlyForDeploymentPostprocessing = 0;
		};
/* End PBXSourcesBuildPhase section */

/* Begin PBXVariantGroup section */
		F3729D9B2727A27F00E24C54 /* LaunchScreen.storyboard */ = {
			isa = PBXVariantGroup;
			children = (
				F3729D9C2727A27F00E24C54 /* Base */,
			);
			name = LaunchScreen.storyboard;
			sourceTree = "<group>";
		};
/* End PBXVariantGroup section */

/* Begin XCBuildConfiguration section */
		F3729D9F2727A27F00E24C54 /* Debug */ = {
			isa = XCBuildConfiguration;
			buildSettings = {
				ALWAYS_SEARCH_USER_PATHS = NO;
				CLANG_ANALYZER_NONNULL = YES;
				CLANG_ANALYZER_NUMBER_OBJECT_CONVERSION = YES_AGGRESSIVE;
				CLANG_CXX_LANGUAGE_STANDARD = "gnu++14";
				CLANG_CXX_LIBRARY = "libc++";
				CLANG_ENABLE_MODULES = YES;
				CLANG_ENABLE_OBJC_ARC = YES;
				CLANG_ENABLE_OBJC_WEAK = YES;
				CLANG_WARN_BLOCK_CAPTURE_AUTORELEASING = YES;
				CLANG_WARN_BOOL_CONVERSION = YES;
				CLANG_WARN_COMMA = YES;
				CLANG_WARN_CONSTANT_CONVERSION = YES;
				CLANG_WARN_DEPRECATED_OBJC_IMPLEMENTATIONS = YES;
				CLANG_WARN_DIRECT_OBJC_ISA_USAGE = YES_ERROR;
				CLANG_WARN_DOCUMENTATION_COMMENTS = YES;
				CLANG_WARN_EMPTY_BODY = YES;
				CLANG_WARN_ENUM_CONVERSION = YES;
				CLANG_WARN_INFINITE_RECURSION = YES;
				CLANG_WARN_INT_CONVERSION = YES;
				CLANG_WARN_NON_LITERAL_NULL_CONVERSION = YES;
				CLANG_WARN_OBJC_IMPLICIT_RETAIN_SELF = YES;
				CLANG_WARN_OBJC_LITERAL_CONVERSION = YES;
				CLANG_WARN_OBJC_ROOT_CLASS = YES_ERROR;
				CLANG_WARN_QUOTED_INCLUDE_IN_FRAMEWORK_HEADER = YES;
				CLANG_WARN_RANGE_LOOP_ANALYSIS = YES;
				CLANG_WARN_STRICT_PROTOTYPES = YES;
				CLANG_WARN_SUSPICIOUS_MOVE = YES;
				CLANG_WARN_UNGUARDED_AVAILABILITY = YES_AGGRESSIVE;
				CLANG_WARN_UNREACHABLE_CODE = YES;
				CLANG_WARN__DUPLICATE_METHOD_MATCH = YES;
				COPY_PHASE_STRIP = NO;
				DEBUG_INFORMATION_FORMAT = dwarf;
				ENABLE_STRICT_OBJC_MSGSEND = YES;
				ENABLE_TESTABILITY = YES;
				GCC_C_LANGUAGE_STANDARD = gnu11;
				GCC_DYNAMIC_NO_PIC = NO;
				GCC_NO_COMMON_BLOCKS = YES;
				GCC_OPTIMIZATION_LEVEL = 0;
				GCC_PREPROCESSOR_DEFINITIONS = (
					"DEBUG=1",
					"$(inherited)",
				);
				GCC_WARN_64_TO_32_BIT_CONVERSION = YES;
				GCC_WARN_ABOUT_RETURN_TYPE = YES_ERROR;
				GCC_WARN_UNDECLARED_SELECTOR = YES;
				GCC_WARN_UNINITIALIZED_AUTOS = YES_AGGRESSIVE;
				GCC_WARN_UNUSED_FUNCTION = YES;
				GCC_WARN_UNUSED_VARIABLE = YES;
				IPHONEOS_DEPLOYMENT_TARGET = 14.4;
				MTL_ENABLE_DEBUG_INFO = INCLUDE_SOURCE;
				MTL_FAST_MATH = YES;
				ONLY_ACTIVE_ARCH = YES;
				SDKROOT = iphoneos;
				SWIFT_ACTIVE_COMPILATION_CONDITIONS = DEBUG;
				SWIFT_OPTIMIZATION_LEVEL = "-Onone";
			};
			name = Debug;
		};
		F3729DA02727A27F00E24C54 /* Release */ = {
			isa = XCBuildConfiguration;
			buildSettings = {
				ALWAYS_SEARCH_USER_PATHS = NO;
				CLANG_ANALYZER_NONNULL = YES;
				CLANG_ANALYZER_NUMBER_OBJECT_CONVERSION = YES_AGGRESSIVE;
				CLANG_CXX_LANGUAGE_STANDARD = "gnu++14";
				CLANG_CXX_LIBRARY = "libc++";
				CLANG_ENABLE_MODULES = YES;
				CLANG_ENABLE_OBJC_ARC = YES;
				CLANG_ENABLE_OBJC_WEAK = YES;
				CLANG_WARN_BLOCK_CAPTURE_AUTORELEASING = YES;
				CLANG_WARN_BOOL_CONVERSION = YES;
				CLANG_WARN_COMMA = YES;
				CLANG_WARN_CONSTANT_CONVERSION = YES;
				CLANG_WARN_DEPRECATED_OBJC_IMPLEMENTATIONS = YES;
				CLANG_WARN_DIRECT_OBJC_ISA_USAGE = YES_ERROR;
				CLANG_WARN_DOCUMENTATION_COMMENTS = YES;
				CLANG_WARN_EMPTY_BODY = YES;
				CLANG_WARN_ENUM_CONVERSION = YES;
				CLANG_WARN_INFINITE_RECURSION = YES;
				CLANG_WARN_INT_CONVERSION = YES;
				CLANG_WARN_NON_LITERAL_NULL_CONVERSION = YES;
				CLANG_WARN_OBJC_IMPLICIT_RETAIN_SELF = YES;
				CLANG_WARN_OBJC_LITERAL_CONVERSION = YES;
				CLANG_WARN_OBJC_ROOT_CLASS = YES_ERROR;
				CLANG_WARN_QUOTED_INCLUDE_IN_FRAMEWORK_HEADER = YES;
				CLANG_WARN_RANGE_LOOP_ANALYSIS = YES;
				CLANG_WARN_STRICT_PROTOTYPES = YES;
				CLANG_WARN_SUSPICIOUS_MOVE = YES;
				CLANG_WARN_UNGUARDED_AVAILABILITY = YES_AGGRESSIVE;
				CLANG_WARN_UNREACHABLE_CODE = YES;
				CLANG_WARN__DUPLICATE_METHOD_MATCH = YES;
				COPY_PHASE_STRIP = NO;
				DEBUG_INFORMATION_FORMAT = "dwarf-with-dsym";
				ENABLE_NS_ASSERTIONS = NO;
				ENABLE_STRICT_OBJC_MSGSEND = YES;
				GCC_C_LANGUAGE_STANDARD = gnu11;
				GCC_NO_COMMON_BLOCKS = YES;
				GCC_WARN_64_TO_32_BIT_CONVERSION = YES;
				GCC_WARN_ABOUT_RETURN_TYPE = YES_ERROR;
				GCC_WARN_UNDECLARED_SELECTOR = YES;
				GCC_WARN_UNINITIALIZED_AUTOS = YES_AGGRESSIVE;
				GCC_WARN_UNUSED_FUNCTION = YES;
				GCC_WARN_UNUSED_VARIABLE = YES;
				IPHONEOS_DEPLOYMENT_TARGET = 14.4;
				MTL_ENABLE_DEBUG_INFO = NO;
				MTL_FAST_MATH = YES;
				SDKROOT = iphoneos;
				SWIFT_COMPILATION_MODE = wholemodule;
				SWIFT_OPTIMIZATION_LEVEL = "-O";
				VALIDATE_PRODUCT = YES;
			};
			name = Release;
		};
		F3729DA22727A27F00E24C54 /* Debug */ = {
			isa = XCBuildConfiguration;
			baseConfigurationReference = 089B5D4FA45CC6D4991B9D3D /* Pods-VKNews.debug.xcconfig */;
			buildSettings = {
				ASSETCATALOG_COMPILER_APPICON_NAME = AppIcon;
				ASSETCATALOG_COMPILER_GLOBAL_ACCENT_COLOR_NAME = AccentColor;
				CODE_SIGN_STYLE = Automatic;
				DEVELOPMENT_TEAM = 6KCSBW72Y6;
				INFOPLIST_FILE = VKNews/Info.plist;
				LD_RUNPATH_SEARCH_PATHS = (
					"$(inherited)",
					"@executable_path/Frameworks",
				);
				PRODUCT_BUNDLE_IDENTIFIER = "Anton-Usov.VKNews";
				PRODUCT_NAME = "$(TARGET_NAME)";
				SWIFT_VERSION = 5.0;
				TARGETED_DEVICE_FAMILY = "1,2";
			};
			name = Debug;
		};
		F3729DA32727A27F00E24C54 /* Release */ = {
			isa = XCBuildConfiguration;
			baseConfigurationReference = E74291CE4A4DE9243BF3D3D8 /* Pods-VKNews.release.xcconfig */;
			buildSettings = {
				ASSETCATALOG_COMPILER_APPICON_NAME = AppIcon;
				ASSETCATALOG_COMPILER_GLOBAL_ACCENT_COLOR_NAME = AccentColor;
				CODE_SIGN_STYLE = Automatic;
				DEVELOPMENT_TEAM = 6KCSBW72Y6;
				INFOPLIST_FILE = VKNews/Info.plist;
				LD_RUNPATH_SEARCH_PATHS = (
					"$(inherited)",
					"@executable_path/Frameworks",
				);
				PRODUCT_BUNDLE_IDENTIFIER = "Anton-Usov.VKNews";
				PRODUCT_NAME = "$(TARGET_NAME)";
				SWIFT_VERSION = 5.0;
				TARGETED_DEVICE_FAMILY = "1,2";
			};
			name = Release;
		};
/* End XCBuildConfiguration section */

/* Begin XCConfigurationList section */
		F3729D882727A27D00E24C54 /* Build configuration list for PBXProject "VKNews" */ = {
			isa = XCConfigurationList;
			buildConfigurations = (
				F3729D9F2727A27F00E24C54 /* Debug */,
				F3729DA02727A27F00E24C54 /* Release */,
			);
			defaultConfigurationIsVisible = 0;
			defaultConfigurationName = Release;
		};
		F3729DA12727A27F00E24C54 /* Build configuration list for PBXNativeTarget "VKNews" */ = {
			isa = XCConfigurationList;
			buildConfigurations = (
				F3729DA22727A27F00E24C54 /* Debug */,
				F3729DA32727A27F00E24C54 /* Release */,
			);
			defaultConfigurationIsVisible = 0;
			defaultConfigurationName = Release;
		};
/* End XCConfigurationList section */
	};
	rootObject = F3729D852727A27D00E24C54 /* Project object */;
}
